
Microsoft Visual Studio Solution File, Format Version 12.00
# Visual Studio 15
VisualStudioVersion = 15.0.28307.421
MinimumVisualStudioVersion = 10.0.40219.1
Project("{FAE04EC0-301F-11D3-BF4B-00C04F79EFBC}") = "MygitDemo", "MygitDemo\MygitDemo.csproj", "{222B53C5-D001-4F6B-9BD2-3359FF0F1644}"
EndProject
Global
	GlobalSection(SolutionConfigurationPlatforms) = preSolution
		Debug|Any CPU = Debug|Any CPU
		Release|Any CPU = Release|Any CPU
	EndGlobalSection
	GlobalSection(ProjectConfigurationPlatforms) = postSolution
		{222B53C5-D001-4F6B-9BD2-3359FF0F1644}.Debug|Any CPU.ActiveCfg = Debug|Any CPU
		{222B53C5-D001-4F6B-9BD2-3359FF0F1644}.Debug|Any CPU.Build.0 = Debug|Any CPU
		{222B53C5-D001-4F6B-9BD2-3359FF0F1644}.Release|Any CPU.ActiveCfg = Release|Any CPU
		{222B53C5-D001-4F6B-9BD2-3359FF0F1644}.Release|Any CPU.Build.0 = Release|Any CPU
	EndGlobalSection
	GlobalSection(SolutionProperties) = preSolution
		HideSolutionNode = FALSE
	EndGlobalSection
	GlobalSection(ExtensibilityGlobals) = postSolution
		SolutionGuid = {0E711CE0-0548-419C-AE5F-5B7D333303BC}
	EndGlobalSection
EndGlobal
